
Microsoft Visual Studio Solution File, Format Version 12.00
# Visual Studio Version 16
VisualStudioVersion = 16.0.31624.102
MinimumVisualStudioVersion = 10.0.40219.1
Project("{FAE04EC0-301F-11D3-BF4B-00C04F79EFBC}") = "WorkingTimer.Server", "WorkingTimer\Server\WorkingTimer.Server.csproj", "{373AA6F8-3B87-430B-A4B2-D63E64198E5A}"
EndProject
Project("{FAE04EC0-301F-11D3-BF4B-00C04F79EFBC}") = "WorkingTimer.Client", "WorkingTimer\Client\WorkingTimer.Client.csproj", "{FFB2CD54-7337-43EB-B8C9-B8F443E20D04}"
EndProject
Project("{FAE04EC0-301F-11D3-BF4B-00C04F79EFBC}") = "WorkingTimer.Shared", "WorkingTimer\Shared\WorkingTimer.Shared.csproj", "{2C9B21FE-ABAA-4E01-B953-9DD84ED4A62C}"
EndProject
Global
	GlobalSection(SolutionConfigurationPlatforms) = preSolution
		Debug|Any CPU = Debug|Any CPU
		Release|Any CPU = Release|Any CPU
	EndGlobalSection
	GlobalSection(ProjectConfigurationPlatforms) = postSolution
		{373AA6F8-3B87-430B-A4B2-D63E64198E5A}.Debug|Any CPU.ActiveCfg = Debug|Any CPU
		{373AA6F8-3B87-430B-A4B2-D63E64198E5A}.Debug|Any CPU.Build.0 = Debug|Any CPU
		{373AA6F8-3B87-430B-A4B2-D63E64198E5A}.Release|Any CPU.ActiveCfg = Release|Any CPU
		{373AA6F8-3B87-430B-A4B2-D63E64198E5A}.Release|Any CPU.Build.0 = Release|Any CPU
		{FFB2CD54-7337-43EB-B8C9-B8F443E20D04}.Debug|Any CPU.ActiveCfg = Debug|Any CPU
		{FFB2CD54-7337-43EB-B8C9-B8F443E20D04}.Debug|Any CPU.Build.0 = Debug|Any CPU
		{FFB2CD54-7337-43EB-B8C9-B8F443E20D04}.Release|Any CPU.ActiveCfg = Release|Any CPU
		{FFB2CD54-7337-43EB-B8C9-B8F443E20D04}.Release|Any CPU.Build.0 = Release|Any CPU
		{2C9B21FE-ABAA-4E01-B953-9DD84ED4A62C}.Debug|Any CPU.ActiveCfg = Debug|Any CPU
		{2C9B21FE-ABAA-4E01-B953-9DD84ED4A62C}.Debug|Any CPU.Build.0 = Debug|Any CPU
		{2C9B21FE-ABAA-4E01-B953-9DD84ED4A62C}.Release|Any CPU.ActiveCfg = Release|Any CPU
		{2C9B21FE-ABAA-4E01-B953-9DD84ED4A62C}.Release|Any CPU.Build.0 = Release|Any CPU
	EndGlobalSection
	GlobalSection(SolutionProperties) = preSolution
		HideSolutionNode = FALSE
	EndGlobalSection
	GlobalSection(ExtensibilityGlobals) = postSolution
		SolutionGuid = {C0B9664E-D18B-49CD-8B1E-51F514E671F0}
	EndGlobalSection
EndGlobal
